// !$*UTF8*$!
{
	archiveVersion = 1;
	classes = {
	};
	objectVersion = 56;
	objects = {

/* Begin PBXBuildFile section */
		94472EC72B7A39ED003059C3 /* PokemonEvolution.swift in Sources */ = {isa = PBXBuildFile; fileRef = 94472EC62B7A39ED003059C3 /* PokemonEvolution.swift */; };
		94472EC92B7A48BB003059C3 /* PokemonEvolutionView.swift in Sources */ = {isa = PBXBuildFile; fileRef = 94472EC82B7A48BB003059C3 /* PokemonEvolutionView.swift */; };
		94FBEB162B7A08870089E4F0 /* MainApp.swift in Sources */ = {isa = PBXBuildFile; fileRef = 94FBEB152B7A08870089E4F0 /* MainApp.swift */; };
		94FBEB182B7A08870089E4F0 /* ContentView.swift in Sources */ = {isa = PBXBuildFile; fileRef = 94FBEB172B7A08870089E4F0 /* ContentView.swift */; };
		94FBEB1A2B7A08880089E4F0 /* Assets.xcassets in Resources */ = {isa = PBXBuildFile; fileRef = 94FBEB192B7A08880089E4F0 /* Assets.xcassets */; };
		94FBEB1D2B7A08880089E4F0 /* Preview Assets.xcassets in Resources */ = {isa = PBXBuildFile; fileRef = 94FBEB1C2B7A08880089E4F0 /* Preview Assets.xcassets */; };
		94FBEB242B7A09B10089E4F0 /* PokemonAPI.swift in Sources */ = {isa = PBXBuildFile; fileRef = 94FBEB232B7A09B10089E4F0 /* PokemonAPI.swift */; };
		94FBEB272B7A09D90089E4F0 /* PokemonType.swift in Sources */ = {isa = PBXBuildFile; fileRef = 94FBEB262B7A09D90089E4F0 /* PokemonType.swift */; };
		94FBEB2B2B7A0A2E0089E4F0 /* Pokemon.swift in Sources */ = {isa = PBXBuildFile; fileRef = 94FBEB2A2B7A0A2E0089E4F0 /* Pokemon.swift */; };
		94FBEB2D2B7A0A490089E4F0 /* PokemonLanguage.swift in Sources */ = {isa = PBXBuildFile; fileRef = 94FBEB2C2B7A0A490089E4F0 /* PokemonLanguage.swift */; };
		94FBEB2F2B7A0A660089E4F0 /* PokemonStat.swift in Sources */ = {isa = PBXBuildFile; fileRef = 94FBEB2E2B7A0A660089E4F0 /* PokemonStat.swift */; };
		94FBEB322B7A0AF90089E4F0 /* PokemonTable.swift in Sources */ = {isa = PBXBuildFile; fileRef = 94FBEB312B7A0AF90089E4F0 /* PokemonTable.swift */; };
		94FBEB342B7A0B3C0089E4F0 /* PokemonTableViewModel.swift in Sources */ = {isa = PBXBuildFile; fileRef = 94FBEB332B7A0B3C0089E4F0 /* PokemonTableViewModel.swift */; };
		94FBEB362B7A0BD00089E4F0 /* PokemonList.swift in Sources */ = {isa = PBXBuildFile; fileRef = 94FBEB352B7A0BD00089E4F0 /* PokemonList.swift */; };
		94FBEB382B7A132E0089E4F0 /* PokemonDataManager.swift in Sources */ = {isa = PBXBuildFile; fileRef = 94FBEB372B7A132E0089E4F0 /* PokemonDataManager.swift */; };
		94FBEB3C2B7A16A50089E4F0 /* PokemonData.swift in Sources */ = {isa = PBXBuildFile; fileRef = 94FBEB3B2B7A16A50089E4F0 /* PokemonData.swift */; };
		94FBEB3F2B7A1E910089E4F0 /* PokemonTableItem.swift in Sources */ = {isa = PBXBuildFile; fileRef = 94FBEB3E2B7A1E910089E4F0 /* PokemonTableItem.swift */; };
		94FBEB422B7A1F4D0089E4F0 /* PokemonImage.swift in Sources */ = {isa = PBXBuildFile; fileRef = 94FBEB412B7A1F4D0089E4F0 /* PokemonImage.swift */; };
		94FBEB442B7A1F680089E4F0 /* Color+Extension.swift in Sources */ = {isa = PBXBuildFile; fileRef = 94FBEB432B7A1F680089E4F0 /* Color+Extension.swift */; };
		94FBEB462B7A20560089E4F0 /* PokemonSpecies.swift in Sources */ = {isa = PBXBuildFile; fileRef = 94FBEB452B7A20560089E4F0 /* PokemonSpecies.swift */; };
		94FBEB492B7A20A90089E4F0 /* PokemonDetailView.swift in Sources */ = {isa = PBXBuildFile; fileRef = 94FBEB482B7A20A90089E4F0 /* PokemonDetailView.swift */; };
		94FBEB4B2B7A20B70089E4F0 /* PokemonStatsView.swift in Sources */ = {isa = PBXBuildFile; fileRef = 94FBEB4A2B7A20B70089E4F0 /* PokemonStatsView.swift */; };
		94FBEB4D2B7A20C60089E4F0 /* PokemonDetailViewModel.swift in Sources */ = {isa = PBXBuildFile; fileRef = 94FBEB4C2B7A20C60089E4F0 /* PokemonDetailViewModel.swift */; };
		94FBEB4F2B7A38040089E4F0 /* Localizable.xcstrings in Resources */ = {isa = PBXBuildFile; fileRef = 94FBEB4E2B7A38040089E4F0 /* Localizable.xcstrings */; };
/* End PBXBuildFile section */

/* Begin PBXFileReference section */
		94472EC62B7A39ED003059C3 /* PokemonEvolution.swift */ = {isa = PBXFileReference; lastKnownFileType = sourcecode.swift; path = PokemonEvolution.swift; sourceTree = "<group>"; };
		94472EC82B7A48BB003059C3 /* PokemonEvolutionView.swift */ = {isa = PBXFileReference; lastKnownFileType = sourcecode.swift; path = PokemonEvolutionView.swift; sourceTree = "<group>"; };
		94FBEB122B7A08870089E4F0 /* PokemonLibrary.app */ = {isa = PBXFileReference; explicitFileType = wrapper.application; includeInIndex = 0; path = PokemonLibrary.app; sourceTree = BUILT_PRODUCTS_DIR; };
		94FBEB152B7A08870089E4F0 /* MainApp.swift */ = {isa = PBXFileReference; lastKnownFileType = sourcecode.swift; path = MainApp.swift; sourceTree = "<group>"; };
		94FBEB172B7A08870089E4F0 /* ContentView.swift */ = {isa = PBXFileReference; lastKnownFileType = sourcecode.swift; path = ContentView.swift; sourceTree = "<group>"; };
		94FBEB192B7A08880089E4F0 /* Assets.xcassets */ = {isa = PBXFileReference; lastKnownFileType = folder.assetcatalog; path = Assets.xcassets; sourceTree = "<group>"; };
		94FBEB1C2B7A08880089E4F0 /* Preview Assets.xcassets */ = {isa = PBXFileReference; lastKnownFileType = folder.assetcatalog; path = "Preview Assets.xcassets"; sourceTree = "<group>"; };
		94FBEB232B7A09B10089E4F0 /* PokemonAPI.swift */ = {isa = PBXFileReference; lastKnownFileType = sourcecode.swift; path = PokemonAPI.swift; sourceTree = "<group>"; };
		94FBEB262B7A09D90089E4F0 /* PokemonType.swift */ = {isa = PBXFileReference; lastKnownFileType = sourcecode.swift; path = PokemonType.swift; sourceTree = "<group>"; };
		94FBEB2A2B7A0A2E0089E4F0 /* Pokemon.swift */ = {isa = PBXFileReference; lastKnownFileType = sourcecode.swift; path = Pokemon.swift; sourceTree = "<group>"; };
		94FBEB2C2B7A0A490089E4F0 /* PokemonLanguage.swift */ = {isa = PBXFileReference; lastKnownFileType = sourcecode.swift; path = PokemonLanguage.swift; sourceTree = "<group>"; };
		94FBEB2E2B7A0A660089E4F0 /* PokemonStat.swift */ = {isa = PBXFileReference; lastKnownFileType = sourcecode.swift; path = PokemonStat.swift; sourceTree = "<group>"; };
		94FBEB312B7A0AF90089E4F0 /* PokemonTable.swift */ = {isa = PBXFileReference; lastKnownFileType = sourcecode.swift; path = PokemonTable.swift; sourceTree = "<group>"; };
		94FBEB332B7A0B3C0089E4F0 /* PokemonTableViewModel.swift */ = {isa = PBXFileReference; lastKnownFileType = sourcecode.swift; path = PokemonTableViewModel.swift; sourceTree = "<group>"; };
		94FBEB352B7A0BD00089E4F0 /* PokemonList.swift */ = {isa = PBXFileReference; lastKnownFileType = sourcecode.swift; path = PokemonList.swift; sourceTree = "<group>"; };
		94FBEB372B7A132E0089E4F0 /* PokemonDataManager.swift */ = {isa = PBXFileReference; lastKnownFileType = sourcecode.swift; path = PokemonDataManager.swift; sourceTree = "<group>"; };
		94FBEB3B2B7A16A50089E4F0 /* PokemonData.swift */ = {isa = PBXFileReference; lastKnownFileType = sourcecode.swift; path = PokemonData.swift; sourceTree = "<group>"; };
		94FBEB3E2B7A1E910089E4F0 /* PokemonTableItem.swift */ = {isa = PBXFileReference; lastKnownFileType = sourcecode.swift; path = PokemonTableItem.swift; sourceTree = "<group>"; };
		94FBEB412B7A1F4D0089E4F0 /* PokemonImage.swift */ = {isa = PBXFileReference; lastKnownFileType = sourcecode.swift; path = PokemonImage.swift; sourceTree = "<group>"; };
		94FBEB432B7A1F680089E4F0 /* Color+Extension.swift */ = {isa = PBXFileReference; lastKnownFileType = sourcecode.swift; path = "Color+Extension.swift"; sourceTree = "<group>"; };
		94FBEB452B7A20560089E4F0 /* PokemonSpecies.swift */ = {isa = PBXFileReference; lastKnownFileType = sourcecode.swift; path = PokemonSpecies.swift; sourceTree = "<group>"; };
		94FBEB482B7A20A90089E4F0 /* PokemonDetailView.swift */ = {isa = PBXFileReference; lastKnownFileType = sourcecode.swift; path = PokemonDetailView.swift; sourceTree = "<group>"; };
		94FBEB4A2B7A20B70089E4F0 /* PokemonStatsView.swift */ = {isa = PBXFileReference; lastKnownFileType = sourcecode.swift; path = PokemonStatsView.swift; sourceTree = "<group>"; };
		94FBEB4C2B7A20C60089E4F0 /* PokemonDetailViewModel.swift */ = {isa = PBXFileReference; lastKnownFileType = sourcecode.swift; path = PokemonDetailViewModel.swift; sourceTree = "<group>"; };
		94FBEB4E2B7A38040089E4F0 /* Localizable.xcstrings */ = {isa = PBXFileReference; fileEncoding = 4; lastKnownFileType = text.json.xcstrings; path = Localizable.xcstrings; sourceTree = "<group>"; };
/* End PBXFileReference section */

/* Begin PBXFrameworksBuildPhase section */
		94FBEB0F2B7A08870089E4F0 /* Frameworks */ = {
			isa = PBXFrameworksBuildPhase;
			buildActionMask = 2147483647;
			files = (
			);
			runOnlyForDeploymentPostprocessing = 0;
		};
/* End PBXFrameworksBuildPhase section */

/* Begin PBXGroup section */
		94FBEB092B7A08870089E4F0 = {
			isa = PBXGroup;
			children = (
				94FBEB142B7A08870089E4F0 /* PokemonLibrary */,
				94FBEB132B7A08870089E4F0 /* Products */,
			);
			sourceTree = "<group>";
		};
		94FBEB132B7A08870089E4F0 /* Products */ = {
			isa = PBXGroup;
			children = (
				94FBEB122B7A08870089E4F0 /* PokemonLibrary.app */,
			);
			name = Products;
			sourceTree = "<group>";
		};
		94FBEB142B7A08870089E4F0 /* PokemonLibrary */ = {
			isa = PBXGroup;
			children = (
				94FBEB152B7A08870089E4F0 /* MainApp.swift */,
				94FBEB172B7A08870089E4F0 /* ContentView.swift */,
				94FBEB3D2B7A17610089E4F0 /* Tools */,
				94FBEB252B7A09C90089E4F0 /* Models */,
				94FBEB302B7A0AE60089E4F0 /* Views */,
				94FBEB192B7A08880089E4F0 /* Assets.xcassets */,
				94FBEB4E2B7A38040089E4F0 /* Localizable.xcstrings */,
				94FBEB1B2B7A08880089E4F0 /* Preview Content */,
			);
			path = PokemonLibrary;
			sourceTree = "<group>";
		};
		94FBEB1B2B7A08880089E4F0 /* Preview Content */ = {
			isa = PBXGroup;
			children = (
				94FBEB1C2B7A08880089E4F0 /* Preview Assets.xcassets */,
			);
			path = "Preview Content";
			sourceTree = "<group>";
		};
		94FBEB252B7A09C90089E4F0 /* Models */ = {
			isa = PBXGroup;
			children = (
				94FBEB3B2B7A16A50089E4F0 /* PokemonData.swift */,
				94FBEB2A2B7A0A2E0089E4F0 /* Pokemon.swift */,
				94FBEB452B7A20560089E4F0 /* PokemonSpecies.swift */,
				94FBEB2E2B7A0A660089E4F0 /* PokemonStat.swift */,
				94472EC62B7A39ED003059C3 /* PokemonEvolution.swift */,
				94FBEB262B7A09D90089E4F0 /* PokemonType.swift */,
				94FBEB2C2B7A0A490089E4F0 /* PokemonLanguage.swift */,
				94FBEB352B7A0BD00089E4F0 /* PokemonList.swift */,
			);
			path = Models;
			sourceTree = "<group>";
		};
		94FBEB302B7A0AE60089E4F0 /* Views */ = {
			isa = PBXGroup;
			children = (
				94FBEB402B7A1F090089E4F0 /* PokemonTable */,
				94FBEB472B7A20960089E4F0 /* PokemonDetail */,
				94FBEB412B7A1F4D0089E4F0 /* PokemonImage.swift */,
			);
			path = Views;
			sourceTree = "<group>";
		};
		94FBEB3D2B7A17610089E4F0 /* Tools */ = {
			isa = PBXGroup;
			children = (
				94FBEB232B7A09B10089E4F0 /* PokemonAPI.swift */,
				94FBEB372B7A132E0089E4F0 /* PokemonDataManager.swift */,
				94FBEB432B7A1F680089E4F0 /* Color+Extension.swift */,
			);
			path = Tools;
			sourceTree = "<group>";
		};
		94FBEB402B7A1F090089E4F0 /* PokemonTable */ = {
			isa = PBXGroup;
			children = (
				94FBEB312B7A0AF90089E4F0 /* PokemonTable.swift */,
				94FBEB3E2B7A1E910089E4F0 /* PokemonTableItem.swift */,
				94FBEB332B7A0B3C0089E4F0 /* PokemonTableViewModel.swift */,
			);
			path = PokemonTable;
			sourceTree = "<group>";
		};
		94FBEB472B7A20960089E4F0 /* PokemonDetail */ = {
			isa = PBXGroup;
			children = (
				94FBEB482B7A20A90089E4F0 /* PokemonDetailView.swift */,
				94FBEB4A2B7A20B70089E4F0 /* PokemonStatsView.swift */,
				94472EC82B7A48BB003059C3 /* PokemonEvolutionView.swift */,
				94FBEB4C2B7A20C60089E4F0 /* PokemonDetailViewModel.swift */,
			);
			path = PokemonDetail;
			sourceTree = "<group>";
		};
/* End PBXGroup section */

/* Begin PBXNativeTarget section */
		94FBEB112B7A08870089E4F0 /* PokemonLibrary */ = {
			isa = PBXNativeTarget;
			buildConfigurationList = 94FBEB202B7A08880089E4F0 /* Build configuration list for PBXNativeTarget "PokemonLibrary" */;
			buildPhases = (
				94FBEB0E2B7A08870089E4F0 /* Sources */,
				94FBEB0F2B7A08870089E4F0 /* Frameworks */,
				94FBEB102B7A08870089E4F0 /* Resources */,
			);
			buildRules = (
			);
			dependencies = (
			);
			name = PokemonLibrary;
			productName = PokemonLibrary;
			productReference = 94FBEB122B7A08870089E4F0 /* PokemonLibrary.app */;
			productType = "com.apple.product-type.application";
		};
/* End PBXNativeTarget section */

/* Begin PBXProject section */
		94FBEB0A2B7A08870089E4F0 /* Project object */ = {
			isa = PBXProject;
			attributes = {
				BuildIndependentTargetsInParallel = 1;
				LastSwiftUpdateCheck = 1520;
				LastUpgradeCheck = 1520;
				TargetAttributes = {
					94FBEB112B7A08870089E4F0 = {
						CreatedOnToolsVersion = 15.2;
					};
				};
			};
			buildConfigurationList = 94FBEB0D2B7A08870089E4F0 /* Build configuration list for PBXProject "PokemonLibrary" */;
			compatibilityVersion = "Xcode 14.0";
			developmentRegion = en;
			hasScannedForEncodings = 0;
			knownRegions = (
				en,
				Base,
				"zh-Hant",
			);
			mainGroup = 94FBEB092B7A08870089E4F0;
			productRefGroup = 94FBEB132B7A08870089E4F0 /* Products */;
			projectDirPath = "";
			projectRoot = "";
			targets = (
				94FBEB112B7A08870089E4F0 /* PokemonLibrary */,
			);
		};
/* End PBXProject section */

/* Begin PBXResourcesBuildPhase section */
		94FBEB102B7A08870089E4F0 /* Resources */ = {
			isa = PBXResourcesBuildPhase;
			buildActionMask = 2147483647;
			files = (
				94FBEB1D2B7A08880089E4F0 /* Preview Assets.xcassets in Resources */,
				94FBEB1A2B7A08880089E4F0 /* Assets.xcassets in Resources */,
				94FBEB4F2B7A38040089E4F0 /* Localizable.xcstrings in Resources */,
			);
			runOnlyForDeploymentPostprocessing = 0;
		};
/* End PBXResourcesBuildPhase section */

/* Begin PBXSourcesBuildPhase section */
		94FBEB0E2B7A08870089E4F0 /* Sources */ = {
			isa = PBXSourcesBuildPhase;
			buildActionMask = 2147483647;
			files = (
				94FBEB322B7A0AF90089E4F0 /* PokemonTable.swift in Sources */,
				94FBEB442B7A1F680089E4F0 /* Color+Extension.swift in Sources */,
				94FBEB182B7A08870089E4F0 /* ContentView.swift in Sources */,
				94FBEB2F2B7A0A660089E4F0 /* PokemonStat.swift in Sources */,
				94FBEB462B7A20560089E4F0 /* PokemonSpecies.swift in Sources */,
				94FBEB2D2B7A0A490089E4F0 /* PokemonLanguage.swift in Sources */,
				94FBEB4B2B7A20B70089E4F0 /* PokemonStatsView.swift in Sources */,
				94FBEB342B7A0B3C0089E4F0 /* PokemonTableViewModel.swift in Sources */,
				94FBEB422B7A1F4D0089E4F0 /* PokemonImage.swift in Sources */,
				94FBEB492B7A20A90089E4F0 /* PokemonDetailView.swift in Sources */,
				94472EC92B7A48BB003059C3 /* PokemonEvolutionView.swift in Sources */,
				94FBEB4D2B7A20C60089E4F0 /* PokemonDetailViewModel.swift in Sources */,
				94472EC72B7A39ED003059C3 /* PokemonEvolution.swift in Sources */,
				94FBEB162B7A08870089E4F0 /* MainApp.swift in Sources */,
				94FBEB242B7A09B10089E4F0 /* PokemonAPI.swift in Sources */,
				94FBEB272B7A09D90089E4F0 /* PokemonType.swift in Sources */,
				94FBEB382B7A132E0089E4F0 /* PokemonDataManager.swift in Sources */,
				94FBEB362B7A0BD00089E4F0 /* PokemonList.swift in Sources */,
				94FBEB3F2B7A1E910089E4F0 /* PokemonTableItem.swift in Sources */,
				94FBEB3C2B7A16A50089E4F0 /* PokemonData.swift in Sources */,
				94FBEB2B2B7A0A2E0089E4F0 /* Pokemon.swift in Sources */,
			);
			runOnlyForDeploymentPostprocessing = 0;
		};
/* End PBXSourcesBuildPhase section */

/* Begin XCBuildConfiguration section */
		94FBEB1E2B7A08880089E4F0 /* Debug */ = {
			isa = XCBuildConfiguration;
			buildSettings = {
				ALWAYS_SEARCH_USER_PATHS = NO;
				ASSETCATALOG_COMPILER_GENERATE_SWIFT_ASSET_SYMBOL_EXTENSIONS = YES;
				CLANG_ANALYZER_NONNULL = YES;
				CLANG_ANALYZER_NUMBER_OBJECT_CONVERSION = YES_AGGRESSIVE;
				CLANG_CXX_LANGUAGE_STANDARD = "gnu++20";
				CLANG_ENABLE_MODULES = YES;
				CLANG_ENABLE_OBJC_ARC = YES;
				CLANG_ENABLE_OBJC_WEAK = YES;
				CLANG_WARN_BLOCK_CAPTURE_AUTORELEASING = YES;
				CLANG_WARN_BOOL_CONVERSION = YES;
				CLANG_WARN_COMMA = YES;
				CLANG_WARN_CONSTANT_CONVERSION = YES;
				CLANG_WARN_DEPRECATED_OBJC_IMPLEMENTATIONS = YES;
				CLANG_WARN_DIRECT_OBJC_ISA_USAGE = YES_ERROR;
				CLANG_WARN_DOCUMENTATION_COMMENTS = YES;
				CLANG_WARN_EMPTY_BODY = YES;
				CLANG_WARN_ENUM_CONVERSION = YES;
				CLANG_WARN_INFINITE_RECURSION = YES;
				CLANG_WARN_INT_CONVERSION = YES;
				CLANG_WARN_NON_LITERAL_NULL_CONVERSION = YES;
				CLANG_WARN_OBJC_IMPLICIT_RETAIN_SELF = YES;
				CLANG_WARN_OBJC_LITERAL_CONVERSION = YES;
				CLANG_WARN_OBJC_ROOT_CLASS = YES_ERROR;
				CLANG_WARN_QUOTED_INCLUDE_IN_FRAMEWORK_HEADER = YES;
				CLANG_WARN_RANGE_LOOP_ANALYSIS = YES;
				CLANG_WARN_STRICT_PROTOTYPES = YES;
				CLANG_WARN_SUSPICIOUS_MOVE = YES;
				CLANG_WARN_UNGUARDED_AVAILABILITY = YES_AGGRESSIVE;
				CLANG_WARN_UNREACHABLE_CODE = YES;
				CLANG_WARN__DUPLICATE_METHOD_MATCH = YES;
				COPY_PHASE_STRIP = NO;
				DEBUG_INFORMATION_FORMAT = dwarf;
				ENABLE_STRICT_OBJC_MSGSEND = YES;
				ENABLE_TESTABILITY = YES;
				ENABLE_USER_SCRIPT_SANDBOXING = YES;
				GCC_C_LANGUAGE_STANDARD = gnu17;
				GCC_DYNAMIC_NO_PIC = NO;
				GCC_NO_COMMON_BLOCKS = YES;
				GCC_OPTIMIZATION_LEVEL = 0;
				GCC_PREPROCESSOR_DEFINITIONS = (
					"DEBUG=1",
					"$(inherited)",
				);
				GCC_WARN_64_TO_32_BIT_CONVERSION = YES;
				GCC_WARN_ABOUT_RETURN_TYPE = YES_ERROR;
				GCC_WARN_UNDECLARED_SELECTOR = YES;
				GCC_WARN_UNINITIALIZED_AUTOS = YES_AGGRESSIVE;
				GCC_WARN_UNUSED_FUNCTION = YES;
				GCC_WARN_UNUSED_VARIABLE = YES;
				IPHONEOS_DEPLOYMENT_TARGET = 17.2;
				LOCALIZATION_PREFERS_STRING_CATALOGS = YES;
				MTL_ENABLE_DEBUG_INFO = INCLUDE_SOURCE;
				MTL_FAST_MATH = YES;
				ONLY_ACTIVE_ARCH = YES;
				SDKROOT = iphoneos;
				SWIFT_ACTIVE_COMPILATION_CONDITIONS = "DEBUG $(inherited)";
				SWIFT_OPTIMIZATION_LEVEL = "-Onone";
			};
			name = Debug;
		};
		94FBEB1F2B7A08880089E4F0 /* Release */ = {
			isa = XCBuildConfiguration;
			buildSettings = {
				ALWAYS_SEARCH_USER_PATHS = NO;
				ASSETCATALOG_COMPILER_GENERATE_SWIFT_ASSET_SYMBOL_EXTENSIONS = YES;
				CLANG_ANALYZER_NONNULL = YES;
				CLANG_ANALYZER_NUMBER_OBJECT_CONVERSION = YES_AGGRESSIVE;
				CLANG_CXX_LANGUAGE_STANDARD = "gnu++20";
				CLANG_ENABLE_MODULES = YES;
				CLANG_ENABLE_OBJC_ARC = YES;
				CLANG_ENABLE_OBJC_WEAK = YES;
				CLANG_WARN_BLOCK_CAPTURE_AUTORELEASING = YES;
				CLANG_WARN_BOOL_CONVERSION = YES;
				CLANG_WARN_COMMA = YES;
				CLANG_WARN_CONSTANT_CONVERSION = YES;
				CLANG_WARN_DEPRECATED_OBJC_IMPLEMENTATIONS = YES;
				CLANG_WARN_DIRECT_OBJC_ISA_USAGE = YES_ERROR;
				CLANG_WARN_DOCUMENTATION_COMMENTS = YES;
				CLANG_WARN_EMPTY_BODY = YES;
				CLANG_WARN_ENUM_CONVERSION = YES;
				CLANG_WARN_INFINITE_RECURSION = YES;
				CLANG_WARN_INT_CONVERSION = YES;
				CLANG_WARN_NON_LITERAL_NULL_CONVERSION = YES;
				CLANG_WARN_OBJC_IMPLICIT_RETAIN_SELF = YES;
				CLANG_WARN_OBJC_LITERAL_CONVERSION = YES;
				CLANG_WARN_OBJC_ROOT_CLASS = YES_ERROR;
				CLANG_WARN_QUOTED_INCLUDE_IN_FRAMEWORK_HEADER = YES;
				CLANG_WARN_RANGE_LOOP_ANALYSIS = YES;
				CLANG_WARN_STRICT_PROTOTYPES = YES;
				CLANG_WARN_SUSPICIOUS_MOVE = YES;
				CLANG_WARN_UNGUARDED_AVAILABILITY = YES_AGGRESSIVE;
				CLANG_WARN_UNREACHABLE_CODE = YES;
				CLANG_WARN__DUPLICATE_METHOD_MATCH = YES;
				COPY_PHASE_STRIP = NO;
				DEBUG_INFORMATION_FORMAT = "dwarf-with-dsym";
				ENABLE_NS_ASSERTIONS = NO;
				ENABLE_STRICT_OBJC_MSGSEND = YES;
				ENABLE_USER_SCRIPT_SANDBOXING = YES;
				GCC_C_LANGUAGE_STANDARD = gnu17;
				GCC_NO_COMMON_BLOCKS = YES;
				GCC_WARN_64_TO_32_BIT_CONVERSION = YES;
				GCC_WARN_ABOUT_RETURN_TYPE = YES_ERROR;
				GCC_WARN_UNDECLARED_SELECTOR = YES;
				GCC_WARN_UNINITIALIZED_AUTOS = YES_AGGRESSIVE;
				GCC_WARN_UNUSED_FUNCTION = YES;
				GCC_WARN_UNUSED_VARIABLE = YES;
				IPHONEOS_DEPLOYMENT_TARGET = 17.2;
				LOCALIZATION_PREFERS_STRING_CATALOGS = YES;
				MTL_ENABLE_DEBUG_INFO = NO;
				MTL_FAST_MATH = YES;
				SDKROOT = iphoneos;
				SWIFT_COMPILATION_MODE = wholemodule;
				VALIDATE_PRODUCT = YES;
			};
			name = Release;
		};
		94FBEB212B7A08880089E4F0 /* Debug */ = {
			isa = XCBuildConfiguration;
			buildSettings = {
				ASSETCATALOG_COMPILER_APPICON_NAME = AppIcon;
				ASSETCATALOG_COMPILER_GLOBAL_ACCENT_COLOR_NAME = AccentColor;
				CODE_SIGN_STYLE = Automatic;
				CURRENT_PROJECT_VERSION = 1;
				DEVELOPMENT_ASSET_PATHS = "\"PokemonLibrary/Preview Content\"";
				DEVELOPMENT_TEAM = JJ3J93P9PB;
				ENABLE_PREVIEWS = YES;
				GENERATE_INFOPLIST_FILE = YES;
				INFOPLIST_KEY_CFBundleDisplayName = "Pokémon";
				INFOPLIST_KEY_UIApplicationSceneManifest_Generation = YES;
				INFOPLIST_KEY_UIApplicationSupportsIndirectInputEvents = YES;
				INFOPLIST_KEY_UILaunchScreen_Generation = YES;
				INFOPLIST_KEY_UISupportedInterfaceOrientations_iPad = "UIInterfaceOrientationPortrait UIInterfaceOrientationPortraitUpsideDown UIInterfaceOrientationLandscapeLeft UIInterfaceOrientationLandscapeRight";
				INFOPLIST_KEY_UISupportedInterfaceOrientations_iPhone = "UIInterfaceOrientationPortrait UIInterfaceOrientationLandscapeLeft UIInterfaceOrientationLandscapeRight";
				LD_RUNPATH_SEARCH_PATHS = (
					"$(inherited)",
					"@executable_path/Frameworks",
				);
				MARKETING_VERSION = 1.0;
				PRODUCT_BUNDLE_IDENTIFIER = com.nier.project.PokemonLibrary;
				PRODUCT_NAME = "$(TARGET_NAME)";
				SWIFT_EMIT_LOC_STRINGS = YES;
				SWIFT_VERSION = 5.0;
				TARGETED_DEVICE_FAMILY = "1,2";
			};
			name = Debug;
		};
		94FBEB222B7A08880089E4F0 /* Release */ = {
			isa = XCBuildConfiguration;
			buildSettings = {
				ASSETCATALOG_COMPILER_APPICON_NAME = AppIcon;
				ASSETCATALOG_COMPILER_GLOBAL_ACCENT_COLOR_NAME = AccentColor;
				CODE_SIGN_STYLE = Automatic;
				CURRENT_PROJECT_VERSION = 1;
				DEVELOPMENT_ASSET_PATHS = "\"PokemonLibrary/Preview Content\"";
				DEVELOPMENT_TEAM = JJ3J93P9PB;
				ENABLE_PREVIEWS = YES;
				GENERATE_INFOPLIST_FILE = YES;
				INFOPLIST_KEY_CFBundleDisplayName = "Pokémon";
				INFOPLIST_KEY_UIApplicationSceneManifest_Generation = YES;
				INFOPLIST_KEY_UIApplicationSupportsIndirectInputEvents = YES;
				INFOPLIST_KEY_UILaunchScreen_Generation = YES;
				INFOPLIST_KEY_UISupportedInterfaceOrientations_iPad = "UIInterfaceOrientationPortrait UIInterfaceOrientationPortraitUpsideDown UIInterfaceOrientationLandscapeLeft UIInterfaceOrientationLandscapeRight";
				INFOPLIST_KEY_UISupportedInterfaceOrientations_iPhone = "UIInterfaceOrientationPortrait UIInterfaceOrientationLandscapeLeft UIInterfaceOrientationLandscapeRight";
				LD_RUNPATH_SEARCH_PATHS = (
					"$(inherited)",
					"@executable_path/Frameworks",
				);
				MARKETING_VERSION = 1.0;
				PRODUCT_BUNDLE_IDENTIFIER = com.nier.project.PokemonLibrary;
				PRODUCT_NAME = "$(TARGET_NAME)";
				SWIFT_EMIT_LOC_STRINGS = YES;
				SWIFT_VERSION = 5.0;
				TARGETED_DEVICE_FAMILY = "1,2";
			};
			name = Release;
		};
/* End XCBuildConfiguration section */

/* Begin XCConfigurationList section */
		94FBEB0D2B7A08870089E4F0 /* Build configuration list for PBXProject "PokemonLibrary" */ = {
			isa = XCConfigurationList;
			buildConfigurations = (
				94FBEB1E2B7A08880089E4F0 /* Debug */,
				94FBEB1F2B7A08880089E4F0 /* Release */,
			);
			defaultConfigurationIsVisible = 0;
			defaultConfigurationName = Release;
		};
		94FBEB202B7A08880089E4F0 /* Build configuration list for PBXNativeTarget "PokemonLibrary" */ = {
			isa = XCConfigurationList;
			buildConfigurations = (
				94FBEB212B7A08880089E4F0 /* Debug */,
				94FBEB222B7A08880089E4F0 /* Release */,
			);
			defaultConfigurationIsVisible = 0;
			defaultConfigurationName = Release;
		};
/* End XCConfigurationList section */
	};
	rootObject = 94FBEB0A2B7A08870089E4F0 /* Project object */;
}
